github.com/MarkVoronov/hellomodule v1.1.0 h1:0stC5zL/j7MsCUBgpYB9sUr553phxAVyc1ApMVF8zKY=
github.com/MarkVoronov/hellomodule v1.1.0/go.mod h1:azHIEGzrDosBupn4z71ZcZA+nN/QcNzEE8bvzMuv7FQ=
github.com/markvoronov/hellomodule v1.0.0 h1:4yEEWy20Y9+8Rl84trsTOMZXslzcI9PWZQ7CgO+FiXE=
github.com/markvoronov/hellomodule v1.0.0/go.mod h1:0cmqC2EBardYFhoki0nFwrRxD5WNuKWXVOyfqPLUFuQ=
github.com/markvoronov/hellomodule v1.1.0 h1:iX2eU7bv3q289/jNw7MFA8cXfLJ7pjcM4As0idlA8+I=
github.com/markvoronov/hellomodule v1.1.0/go.mod h1:0cmqC2EBardYFhoki0nFwrRxD5WNuKWXVOyfqPLUFuQ=
